
Microsoft Visual Studio Solution File, Format Version 12.00
# Visual Studio 15
VisualStudioVersion = 15.0.27703.2035
MinimumVisualStudioVersion = 10.0.40219.1
Project("{FAE04EC0-301F-11D3-BF4B-00C04F79EFBC}") = "GAuthenticator", "GAuthenticator\GAuthenticator.csproj", "{525D955B-6174-4A01-9AD5-D440040A2949}"
EndProject
Global
	GlobalSection(SolutionConfigurationPlatforms) = preSolution
		Debug|Any CPU = Debug|Any CPU
		Release|Any CPU = Release|Any CPU
	EndGlobalSection
	GlobalSection(ProjectConfigurationPlatforms) = postSolution
		{525D955B-6174-4A01-9AD5-D440040A2949}.Debug|Any CPU.ActiveCfg = Debug|Any CPU
		{525D955B-6174-4A01-9AD5-D440040A2949}.Debug|Any CPU.Build.0 = Debug|Any CPU
		{525D955B-6174-4A01-9AD5-D440040A2949}.Release|Any CPU.ActiveCfg = Release|Any CPU
		{525D955B-6174-4A01-9AD5-D440040A2949}.Release|Any CPU.Build.0 = Release|Any CPU
	EndGlobalSection
	GlobalSection(SolutionProperties) = preSolution
		HideSolutionNode = FALSE
	EndGlobalSection
	GlobalSection(ExtensibilityGlobals) = postSolution
		SolutionGuid = {257EAC74-2D2E-4002-BFC3-E9884BC0C386}
	EndGlobalSection
EndGlobal
